{
  "name": "ourstory-guide",
  "version": "1.0.0",
  "lockfileVersion": 1,
  "requires": true,
  "dependencies": {
    "vuepress.rtl": {
      "version": "1.0.2",
      "resolved": "https://registry.npmjs.org/vuepress.rtl/-/vuepress.rtl-1.0.2.tgz",
      "integrity": "sha512-WLD5enC4yLsqami5pCjyMgzw6d6yEkPUfzQQ1UfaCsVgZiniz4b9PG2nZn1WMHJok+9uKPoWTBykhfuQv60xlg=="
    }
  }
}
